
Microsoft Visual Studio Solution File, Format Version 12.00
# Visual Studio Version 17
VisualStudioVersion = 17.0.32112.339
MinimumVisualStudioVersion = 10.0.40219.1
Project("{FAE04EC0-301F-11D3-BF4B-00C04F79EFBC}") = "Outil_Azur_complet", "Outil_Azur_complet\Outil_Azur_complet.csproj", "{D136DB80-209E-4909-8700-42E6154C0AEC}"
EndProject
Project("{FAE04EC0-301F-11D3-BF4B-00C04F79EFBC}") = "Tool_BotProtocol", "Tool_BotProtocol\Tool_BotProtocol.csproj", "{61EA9DD0-C807-42A1-A3E1-1A1F49460CD8}"
EndProject
Project("{FAE04EC0-301F-11D3-BF4B-00C04F79EFBC}") = "Tools_protocol", "tools\Tools_protocol.csproj", "{856FD0FC-07E3-4ECD-876A-8DA87C30E920}"
EndProject
Project("{FAE04EC0-301F-11D3-BF4B-00C04F79EFBC}") = "Tool_Editor", "tools\tools_editor\Tool_Editor.csproj", "{F27C842A-DD9C-4549-9D89-1F23D66866AF}"
EndProject
Global
	GlobalSection(SolutionConfigurationPlatforms) = preSolution
		Debug|Any CPU = Debug|Any CPU
		Release|Any CPU = Release|Any CPU
	EndGlobalSection
	GlobalSection(ProjectConfigurationPlatforms) = postSolution
		{D136DB80-209E-4909-8700-42E6154C0AEC}.Debug|Any CPU.ActiveCfg = Debug|Any CPU
		{D136DB80-209E-4909-8700-42E6154C0AEC}.Debug|Any CPU.Build.0 = Debug|Any CPU
		{D136DB80-209E-4909-8700-42E6154C0AEC}.Release|Any CPU.ActiveCfg = Release|Any CPU
		{D136DB80-209E-4909-8700-42E6154C0AEC}.Release|Any CPU.Build.0 = Release|Any CPU
		{61EA9DD0-C807-42A1-A3E1-1A1F49460CD8}.Debug|Any CPU.ActiveCfg = Debug|Any CPU
		{61EA9DD0-C807-42A1-A3E1-1A1F49460CD8}.Debug|Any CPU.Build.0 = Debug|Any CPU
		{61EA9DD0-C807-42A1-A3E1-1A1F49460CD8}.Release|Any CPU.ActiveCfg = Release|Any CPU
		{61EA9DD0-C807-42A1-A3E1-1A1F49460CD8}.Release|Any CPU.Build.0 = Release|Any CPU
		{856FD0FC-07E3-4ECD-876A-8DA87C30E920}.Debug|Any CPU.ActiveCfg = Debug|Any CPU
		{856FD0FC-07E3-4ECD-876A-8DA87C30E920}.Debug|Any CPU.Build.0 = Debug|Any CPU
		{856FD0FC-07E3-4ECD-876A-8DA87C30E920}.Release|Any CPU.ActiveCfg = Release|Any CPU
		{856FD0FC-07E3-4ECD-876A-8DA87C30E920}.Release|Any CPU.Build.0 = Release|Any CPU
		{F27C842A-DD9C-4549-9D89-1F23D66866AF}.Debug|Any CPU.ActiveCfg = Debug|Any CPU
		{F27C842A-DD9C-4549-9D89-1F23D66866AF}.Debug|Any CPU.Build.0 = Debug|Any CPU
		{F27C842A-DD9C-4549-9D89-1F23D66866AF}.Release|Any CPU.ActiveCfg = Release|Any CPU
		{F27C842A-DD9C-4549-9D89-1F23D66866AF}.Release|Any CPU.Build.0 = Release|Any CPU
	EndGlobalSection
	GlobalSection(SolutionProperties) = preSolution
		HideSolutionNode = FALSE
	EndGlobalSection
	GlobalSection(ExtensibilityGlobals) = postSolution
		SolutionGuid = {BCC28E17-0D46-4E58-B46E-F93DC875A160}
	EndGlobalSection
EndGlobal
